
Microsoft Visual Studio Solution File, Format Version 12.00
# Visual Studio Version 16
VisualStudioVersion = 16.0.31402.337
MinimumVisualStudioVersion = 10.0.40219.1
Project("{FAE04EC0-301F-11D3-BF4B-00C04F79EFBC}") = "SegundoProjeto", "SegundoProjeto\SegundoProjeto.csproj", "{4C9C941C-8499-4719-A327-5D45C439972A}"
EndProject
Global
	GlobalSection(SolutionConfigurationPlatforms) = preSolution
		Debug|Any CPU = Debug|Any CPU
		Release|Any CPU = Release|Any CPU
	EndGlobalSection
	GlobalSection(ProjectConfigurationPlatforms) = postSolution
		{4C9C941C-8499-4719-A327-5D45C439972A}.Debug|Any CPU.ActiveCfg = Debug|Any CPU
		{4C9C941C-8499-4719-A327-5D45C439972A}.Debug|Any CPU.Build.0 = Debug|Any CPU
		{4C9C941C-8499-4719-A327-5D45C439972A}.Release|Any CPU.ActiveCfg = Release|Any CPU
		{4C9C941C-8499-4719-A327-5D45C439972A}.Release|Any CPU.Build.0 = Release|Any CPU
	EndGlobalSection
	GlobalSection(SolutionProperties) = preSolution
		HideSolutionNode = FALSE
	EndGlobalSection
	GlobalSection(ExtensibilityGlobals) = postSolution
		SolutionGuid = {9B9B3380-0E68-4042-BF3E-3CD62FAAFC4E}
	EndGlobalSection
EndGlobal
